
Microsoft Visual Studio Solution File, Format Version 12.00
# Visual Studio 15
VisualStudioVersion = 15.0.28307.757
MinimumVisualStudioVersion = 10.0.40219.1
Project("{9A19103F-16F7-4668-BE54-9A1E7A4F7556}") = "Jaya.Ui", "Jaya.Ui\Jaya.Ui.csproj", "{CDB00482-676D-4BB5-9997-9A1FB368ABA0}"
EndProject
Project("{9A19103F-16F7-4668-BE54-9A1E7A4F7556}") = "Jaya.Shared", "Jaya.Shared\Jaya.Shared.csproj", "{9D93DCAF-53BA-415D-B581-614077F7922D}"
EndProject
Project("{9A19103F-16F7-4668-BE54-9A1E7A4F7556}") = "Jaya.Provider.FileSystem", "Jaya.Provider.FileSystem\Jaya.Provider.FileSystem.csproj", "{2E4C50A5-0CD5-4E7E-ABCB-E76EFE75D068}"
EndProject
Project("{9A19103F-16F7-4668-BE54-9A1E7A4F7556}") = "Jaya.Provider.Dropbox", "Jaya.Provider.Dropbox\Jaya.Provider.Dropbox.csproj", "{747A481D-288A-4849-BD42-A6EA5026B872}"
EndProject
Project("{9A19103F-16F7-4668-BE54-9A1E7A4F7556}") = "Jaya.Provider.GoogleDrive", "Jaya.Provider.GoogleDrive\Jaya.Provider.GoogleDrive.csproj", "{FDB301A9-2FC0-4262-BC43-F4DFD673627D}"
EndProject
Project("{9A19103F-16F7-4668-BE54-9A1E7A4F7556}") = "Jaya.Provider.Ftp", "Jaya.Provider.Ftp\Jaya.Provider.Ftp.csproj", "{870AE579-A91F-4F81-AF15-05E45E3B286A}"
EndProject
Global
	GlobalSection(SolutionConfigurationPlatforms) = preSolution
		Debug|Any CPU = Debug|Any CPU
		Release|Any CPU = Release|Any CPU
	EndGlobalSection
	GlobalSection(ProjectConfigurationPlatforms) = postSolution
		{CDB00482-676D-4BB5-9997-9A1FB368ABA0}.Debug|Any CPU.ActiveCfg = Debug|Any CPU
		{CDB00482-676D-4BB5-9997-9A1FB368ABA0}.Debug|Any CPU.Build.0 = Debug|Any CPU
		{CDB00482-676D-4BB5-9997-9A1FB368ABA0}.Release|Any CPU.ActiveCfg = Release|Any CPU
		{CDB00482-676D-4BB5-9997-9A1FB368ABA0}.Release|Any CPU.Build.0 = Release|Any CPU
		{9D93DCAF-53BA-415D-B581-614077F7922D}.Debug|Any CPU.ActiveCfg = Debug|Any CPU
		{9D93DCAF-53BA-415D-B581-614077F7922D}.Debug|Any CPU.Build.0 = Debug|Any CPU
		{9D93DCAF-53BA-415D-B581-614077F7922D}.Release|Any CPU.ActiveCfg = Release|Any CPU
		{9D93DCAF-53BA-415D-B581-614077F7922D}.Release|Any CPU.Build.0 = Release|Any CPU
		{2E4C50A5-0CD5-4E7E-ABCB-E76EFE75D068}.Debug|Any CPU.ActiveCfg = Debug|Any CPU
		{2E4C50A5-0CD5-4E7E-ABCB-E76EFE75D068}.Debug|Any CPU.Build.0 = Debug|Any CPU
		{2E4C50A5-0CD5-4E7E-ABCB-E76EFE75D068}.Release|Any CPU.ActiveCfg = Release|Any CPU
		{2E4C50A5-0CD5-4E7E-ABCB-E76EFE75D068}.Release|Any CPU.Build.0 = Release|Any CPU
		{747A481D-288A-4849-BD42-A6EA5026B872}.Debug|Any CPU.ActiveCfg = Debug|Any CPU
		{747A481D-288A-4849-BD42-A6EA5026B872}.Debug|Any CPU.Build.0 = Debug|Any CPU
		{747A481D-288A-4849-BD42-A6EA5026B872}.Release|Any CPU.ActiveCfg = Release|Any CPU
		{747A481D-288A-4849-BD42-A6EA5026B872}.Release|Any CPU.Build.0 = Release|Any CPU
		{FDB301A9-2FC0-4262-BC43-F4DFD673627D}.Debug|Any CPU.ActiveCfg = Debug|Any CPU
		{FDB301A9-2FC0-4262-BC43-F4DFD673627D}.Debug|Any CPU.Build.0 = Debug|Any CPU
		{FDB301A9-2FC0-4262-BC43-F4DFD673627D}.Release|Any CPU.ActiveCfg = Release|Any CPU
		{FDB301A9-2FC0-4262-BC43-F4DFD673627D}.Release|Any CPU.Build.0 = Release|Any CPU
		{870AE579-A91F-4F81-AF15-05E45E3B286A}.Debug|Any CPU.ActiveCfg = Debug|Any CPU
		{870AE579-A91F-4F81-AF15-05E45E3B286A}.Debug|Any CPU.Build.0 = Debug|Any CPU
		{870AE579-A91F-4F81-AF15-05E45E3B286A}.Release|Any CPU.ActiveCfg = Release|Any CPU
		{870AE579-A91F-4F81-AF15-05E45E3B286A}.Release|Any CPU.Build.0 = Release|Any CPU
	EndGlobalSection
	GlobalSection(SolutionProperties) = preSolution
		HideSolutionNode = FALSE
	EndGlobalSection
	GlobalSection(ExtensibilityGlobals) = postSolution
		SolutionGuid = {D00986C2-9652-4AB3-A721-6F3BCCB10F4A}
	EndGlobalSection
EndGlobal
