
Microsoft Visual Studio Solution File, Format Version 12.00
# Visual Studio 15
VisualStudioVersion = 15.0.28307.645
MinimumVisualStudioVersion = 10.0.40219.1
Project("{FAE04EC0-301F-11D3-BF4B-00C04F79EFBC}") = "Jaya", "Jaya.csproj", "{38EFD62F-660F-48DB-BBD2-A0A7F1EF2A0F}"
EndProject
Global
	GlobalSection(SolutionConfigurationPlatforms) = preSolution
		Debug|Any CPU = Debug|Any CPU
		Release|Any CPU = Release|Any CPU
	EndGlobalSection
	GlobalSection(ProjectConfigurationPlatforms) = postSolution
		{38EFD62F-660F-48DB-BBD2-A0A7F1EF2A0F}.Debug|Any CPU.ActiveCfg = Debug|Any CPU
		{38EFD62F-660F-48DB-BBD2-A0A7F1EF2A0F}.Debug|Any CPU.Build.0 = Debug|Any CPU
		{38EFD62F-660F-48DB-BBD2-A0A7F1EF2A0F}.Release|Any CPU.ActiveCfg = Release|Any CPU
		{38EFD62F-660F-48DB-BBD2-A0A7F1EF2A0F}.Release|Any CPU.Build.0 = Release|Any CPU
	EndGlobalSection
	GlobalSection(SolutionProperties) = preSolution
		HideSolutionNode = FALSE
	EndGlobalSection
	GlobalSection(ExtensibilityGlobals) = postSolution
		SolutionGuid = {8CA8B969-C9C3-48E1-A10A-C095B93CB240}
	EndGlobalSection
EndGlobal
